// !$*UTF8*$!
{
	archiveVersion = 1;
	classes = {
	};
	objectVersion = 56;
	objects = {

/* Begin PBXBuildFile section */
		0448BE9F2B712B6E008D15F3 /* ShopApp.swift in Sources */ = {isa = PBXBuildFile; fileRef = 0448BE9E2B712B6E008D15F3 /* ShopApp.swift */; };
		0448BEA12B712B6E008D15F3 /* ContentView.swift in Sources */ = {isa = PBXBuildFile; fileRef = 0448BEA02B712B6E008D15F3 /* ContentView.swift */; };
		0448BEA32B712B70008D15F3 /* Assets.xcassets in Resources */ = {isa = PBXBuildFile; fileRef = 0448BEA22B712B70008D15F3 /* Assets.xcassets */; };
		0448BEA62B712B70008D15F3 /* Preview Assets.xcassets in Resources */ = {isa = PBXBuildFile; fileRef = 0448BEA52B712B70008D15F3 /* Preview Assets.xcassets */; };
		0448BEB22B7136F7008D15F3 /* OnboardingScreen.swift in Sources */ = {isa = PBXBuildFile; fileRef = 0448BEB12B7136F7008D15F3 /* OnboardingScreen.swift */; };
		0448BEB42B713AFE008D15F3 /* Constants.swift in Sources */ = {isa = PBXBuildFile; fileRef = 0448BEB32B713AFE008D15F3 /* Constants.swift */; };
		044ECC2A2B726D7800072289 /* OnboardingModel.swift in Sources */ = {isa = PBXBuildFile; fileRef = 044ECC292B726D7800072289 /* OnboardingModel.swift */; };
		04AA150C2B7502500053012D /* ForgotPassword.swift in Sources */ = {isa = PBXBuildFile; fileRef = 04AA150B2B7502500053012D /* ForgotPassword.swift */; };
		04AA15142B75107F0053012D /* LaunchScreen.storyboard in Resources */ = {isa = PBXBuildFile; fileRef = 04AA15132B75107F0053012D /* LaunchScreen.storyboard */; };
		04D27B6E2B73B45C0011F69C /* LoginScreen.swift in Sources */ = {isa = PBXBuildFile; fileRef = 04D27B6D2B73B45C0011F69C /* LoginScreen.swift */; };
/* End PBXBuildFile section */

/* Begin PBXFileReference section */
		0448BE9B2B712B6E008D15F3 /* Shop.app */ = {isa = PBXFileReference; explicitFileType = wrapper.application; includeInIndex = 0; path = Shop.app; sourceTree = BUILT_PRODUCTS_DIR; };
		0448BE9E2B712B6E008D15F3 /* ShopApp.swift */ = {isa = PBXFileReference; lastKnownFileType = sourcecode.swift; path = ShopApp.swift; sourceTree = "<group>"; };
		0448BEA02B712B6E008D15F3 /* ContentView.swift */ = {isa = PBXFileReference; lastKnownFileType = sourcecode.swift; path = ContentView.swift; sourceTree = "<group>"; };
		0448BEA22B712B70008D15F3 /* Assets.xcassets */ = {isa = PBXFileReference; lastKnownFileType = folder.assetcatalog; path = Assets.xcassets; sourceTree = "<group>"; };
		0448BEA52B712B70008D15F3 /* Preview Assets.xcassets */ = {isa = PBXFileReference; lastKnownFileType = folder.assetcatalog; path = "Preview Assets.xcassets"; sourceTree = "<group>"; };
		0448BEB12B7136F7008D15F3 /* OnboardingScreen.swift */ = {isa = PBXFileReference; lastKnownFileType = sourcecode.swift; path = OnboardingScreen.swift; sourceTree = "<group>"; };
		0448BEB32B713AFE008D15F3 /* Constants.swift */ = {isa = PBXFileReference; lastKnownFileType = sourcecode.swift; path = Constants.swift; sourceTree = "<group>"; };
		044ECC292B726D7800072289 /* OnboardingModel.swift */ = {isa = PBXFileReference; lastKnownFileType = sourcecode.swift; path = OnboardingModel.swift; sourceTree = "<group>"; };
		04AA150B2B7502500053012D /* ForgotPassword.swift */ = {isa = PBXFileReference; lastKnownFileType = sourcecode.swift; path = ForgotPassword.swift; sourceTree = "<group>"; };
		04AA15132B75107F0053012D /* LaunchScreen.storyboard */ = {isa = PBXFileReference; lastKnownFileType = file.storyboard; path = LaunchScreen.storyboard; sourceTree = "<group>"; };
		04D27B6D2B73B45C0011F69C /* LoginScreen.swift */ = {isa = PBXFileReference; lastKnownFileType = sourcecode.swift; path = LoginScreen.swift; sourceTree = "<group>"; };
/* End PBXFileReference section */

/* Begin PBXFrameworksBuildPhase section */
		0448BE982B712B6E008D15F3 /* Frameworks */ = {
			isa = PBXFrameworksBuildPhase;
			buildActionMask = 2147483647;
			files = (
			);
			runOnlyForDeploymentPostprocessing = 0;
		};
/* End PBXFrameworksBuildPhase section */

/* Begin PBXGroup section */
		0448BE922B712B6E008D15F3 = {
			isa = PBXGroup;
			children = (
				0448BE9D2B712B6E008D15F3 /* Shop */,
				0448BE9C2B712B6E008D15F3 /* Products */,
			);
			sourceTree = "<group>";
		};
		0448BE9C2B712B6E008D15F3 /* Products */ = {
			isa = PBXGroup;
			children = (
				0448BE9B2B712B6E008D15F3 /* Shop.app */,
			);
			name = Products;
			sourceTree = "<group>";
		};
		0448BE9D2B712B6E008D15F3 /* Shop */ = {
			isa = PBXGroup;
			children = (
				04AA150E2B7508660053012D /* Controller */,
				044ECC282B726D5600072289 /* Model */,
				0448BEAC2B71310B008D15F3 /* Views */,
				0448BE9E2B712B6E008D15F3 /* ShopApp.swift */,
				0448BEA02B712B6E008D15F3 /* ContentView.swift */,
				0448BEA22B712B70008D15F3 /* Assets.xcassets */,
				0448BEA42B712B70008D15F3 /* Preview Content */,
				0448BEB32B713AFE008D15F3 /* Constants.swift */,
			);
			path = Shop;
			sourceTree = "<group>";
		};
		0448BEA42B712B70008D15F3 /* Preview Content */ = {
			isa = PBXGroup;
			children = (
				0448BEA52B712B70008D15F3 /* Preview Assets.xcassets */,
			);
			path = "Preview Content";
			sourceTree = "<group>";
		};
		0448BEAC2B71310B008D15F3 /* Views */ = {
			isa = PBXGroup;
			children = (
				04D27B6C2B73B43A0011F69C /* Auth */,
				0448BEB02B7136C8008D15F3 /* OnboardingScreen */,
				0448BEAD2B713121008D15F3 /* splash */,
			);
			path = Views;
			sourceTree = "<group>";
		};
		0448BEAD2B713121008D15F3 /* splash */ = {
			isa = PBXGroup;
			children = (
				04AA15132B75107F0053012D /* LaunchScreen.storyboard */,
			);
			path = splash;
			sourceTree = "<group>";
		};
		0448BEB02B7136C8008D15F3 /* OnboardingScreen */ = {
			isa = PBXGroup;
			children = (
				0448BEB12B7136F7008D15F3 /* OnboardingScreen.swift */,
			);
			path = OnboardingScreen;
			sourceTree = "<group>";
		};
		044ECC282B726D5600072289 /* Model */ = {
			isa = PBXGroup;
			children = (
				044ECC292B726D7800072289 /* OnboardingModel.swift */,
			);
			path = Model;
			sourceTree = "<group>";
		};
		04AA150E2B7508660053012D /* Controller */ = {
			isa = PBXGroup;
			children = (
			);
			path = Controller;
			sourceTree = "<group>";
		};
		04D27B6C2B73B43A0011F69C /* Auth */ = {
			isa = PBXGroup;
			children = (
				04D27B6D2B73B45C0011F69C /* LoginScreen.swift */,
				04AA150B2B7502500053012D /* ForgotPassword.swift */,
			);
			path = Auth;
			sourceTree = "<group>";
		};
/* End PBXGroup section */

/* Begin PBXNativeTarget section */
		0448BE9A2B712B6E008D15F3 /* Shop */ = {
			isa = PBXNativeTarget;
			buildConfigurationList = 0448BEA92B712B70008D15F3 /* Build configuration list for PBXNativeTarget "Shop" */;
			buildPhases = (
				0448BE972B712B6E008D15F3 /* Sources */,
				0448BE982B712B6E008D15F3 /* Frameworks */,
				0448BE992B712B6E008D15F3 /* Resources */,
			);
			buildRules = (
			);
			dependencies = (
			);
			name = Shop;
			productName = Shop;
			productReference = 0448BE9B2B712B6E008D15F3 /* Shop.app */;
			productType = "com.apple.product-type.application";
		};
/* End PBXNativeTarget section */

/* Begin PBXProject section */
		0448BE932B712B6E008D15F3 /* Project object */ = {
			isa = PBXProject;
			attributes = {
				BuildIndependentTargetsInParallel = 1;
				LastSwiftUpdateCheck = 1430;
				LastUpgradeCheck = 1430;
				TargetAttributes = {
					0448BE9A2B712B6E008D15F3 = {
						CreatedOnToolsVersion = 14.3.1;
					};
				};
			};
			buildConfigurationList = 0448BE962B712B6E008D15F3 /* Build configuration list for PBXProject "Shop" */;
			compatibilityVersion = "Xcode 14.0";
			developmentRegion = en;
			hasScannedForEncodings = 0;
			knownRegions = (
				en,
				Base,
			);
			mainGroup = 0448BE922B712B6E008D15F3;
			productRefGroup = 0448BE9C2B712B6E008D15F3 /* Products */;
			projectDirPath = "";
			projectRoot = "";
			targets = (
				0448BE9A2B712B6E008D15F3 /* Shop */,
			);
		};
/* End PBXProject section */

/* Begin PBXResourcesBuildPhase section */
		0448BE992B712B6E008D15F3 /* Resources */ = {
			isa = PBXResourcesBuildPhase;
			buildActionMask = 2147483647;
			files = (
				04AA15142B75107F0053012D /* LaunchScreen.storyboard in Resources */,
				0448BEA62B712B70008D15F3 /* Preview Assets.xcassets in Resources */,
				0448BEA32B712B70008D15F3 /* Assets.xcassets in Resources */,
			);
			runOnlyForDeploymentPostprocessing = 0;
		};
/* End PBXResourcesBuildPhase section */

/* Begin PBXSourcesBuildPhase section */
		0448BE972B712B6E008D15F3 /* Sources */ = {
			isa = PBXSourcesBuildPhase;
			buildActionMask = 2147483647;
			files = (
				0448BEB42B713AFE008D15F3 /* Constants.swift in Sources */,
				0448BEB22B7136F7008D15F3 /* OnboardingScreen.swift in Sources */,
				044ECC2A2B726D7800072289 /* OnboardingModel.swift in Sources */,
				04AA150C2B7502500053012D /* ForgotPassword.swift in Sources */,
				04D27B6E2B73B45C0011F69C /* LoginScreen.swift in Sources */,
				0448BEA12B712B6E008D15F3 /* ContentView.swift in Sources */,
				0448BE9F2B712B6E008D15F3 /* ShopApp.swift in Sources */,
			);
			runOnlyForDeploymentPostprocessing = 0;
		};
/* End PBXSourcesBuildPhase section */

/* Begin XCBuildConfiguration section */
		0448BEA72B712B70008D15F3 /* Debug */ = {
			isa = XCBuildConfiguration;
			buildSettings = {
				ALWAYS_SEARCH_USER_PATHS = NO;
				CLANG_ANALYZER_NONNULL = YES;
				CLANG_ANALYZER_NUMBER_OBJECT_CONVERSION = YES_AGGRESSIVE;
				CLANG_CXX_LANGUAGE_STANDARD = "gnu++20";
				CLANG_ENABLE_MODULES = YES;
				CLANG_ENABLE_OBJC_ARC = YES;
				CLANG_ENABLE_OBJC_WEAK = YES;
				CLANG_WARN_BLOCK_CAPTURE_AUTORELEASING = YES;
				CLANG_WARN_BOOL_CONVERSION = YES;
				CLANG_WARN_COMMA = YES;
				CLANG_WARN_CONSTANT_CONVERSION = YES;
				CLANG_WARN_DEPRECATED_OBJC_IMPLEMENTATIONS = YES;
				CLANG_WARN_DIRECT_OBJC_ISA_USAGE = YES_ERROR;
				CLANG_WARN_DOCUMENTATION_COMMENTS = YES;
				CLANG_WARN_EMPTY_BODY = YES;
				CLANG_WARN_ENUM_CONVERSION = YES;
				CLANG_WARN_INFINITE_RECURSION = YES;
				CLANG_WARN_INT_CONVERSION = YES;
				CLANG_WARN_NON_LITERAL_NULL_CONVERSION = YES;
				CLANG_WARN_OBJC_IMPLICIT_RETAIN_SELF = YES;
				CLANG_WARN_OBJC_LITERAL_CONVERSION = YES;
				CLANG_WARN_OBJC_ROOT_CLASS = YES_ERROR;
				CLANG_WARN_QUOTED_INCLUDE_IN_FRAMEWORK_HEADER = YES;
				CLANG_WARN_RANGE_LOOP_ANALYSIS = YES;
				CLANG_WARN_STRICT_PROTOTYPES = YES;
				CLANG_WARN_SUSPICIOUS_MOVE = YES;
				CLANG_WARN_UNGUARDED_AVAILABILITY = YES_AGGRESSIVE;
				CLANG_WARN_UNREACHABLE_CODE = YES;
				CLANG_WARN__DUPLICATE_METHOD_MATCH = YES;
				COPY_PHASE_STRIP = NO;
				DEBUG_INFORMATION_FORMAT = dwarf;
				ENABLE_STRICT_OBJC_MSGSEND = YES;
				ENABLE_TESTABILITY = YES;
				GCC_C_LANGUAGE_STANDARD = gnu11;
				GCC_DYNAMIC_NO_PIC = NO;
				GCC_NO_COMMON_BLOCKS = YES;
				GCC_OPTIMIZATION_LEVEL = 0;
				GCC_PREPROCESSOR_DEFINITIONS = (
					"DEBUG=1",
					"$(inherited)",
				);
				GCC_WARN_64_TO_32_BIT_CONVERSION = YES;
				GCC_WARN_ABOUT_RETURN_TYPE = YES_ERROR;
				GCC_WARN_UNDECLARED_SELECTOR = YES;
				GCC_WARN_UNINITIALIZED_AUTOS = YES_AGGRESSIVE;
				GCC_WARN_UNUSED_FUNCTION = YES;
				GCC_WARN_UNUSED_VARIABLE = YES;
				IPHONEOS_DEPLOYMENT_TARGET = 16.4;
				MTL_ENABLE_DEBUG_INFO = INCLUDE_SOURCE;
				MTL_FAST_MATH = YES;
				ONLY_ACTIVE_ARCH = YES;
				SDKROOT = iphoneos;
				SWIFT_ACTIVE_COMPILATION_CONDITIONS = DEBUG;
				SWIFT_OPTIMIZATION_LEVEL = "-Onone";
			};
			name = Debug;
		};
		0448BEA82B712B70008D15F3 /* Release */ = {
			isa = XCBuildConfiguration;
			buildSettings = {
				ALWAYS_SEARCH_USER_PATHS = NO;
				CLANG_ANALYZER_NONNULL = YES;
				CLANG_ANALYZER_NUMBER_OBJECT_CONVERSION = YES_AGGRESSIVE;
				CLANG_CXX_LANGUAGE_STANDARD = "gnu++20";
				CLANG_ENABLE_MODULES = YES;
				CLANG_ENABLE_OBJC_ARC = YES;
				CLANG_ENABLE_OBJC_WEAK = YES;
				CLANG_WARN_BLOCK_CAPTURE_AUTORELEASING = YES;
				CLANG_WARN_BOOL_CONVERSION = YES;
				CLANG_WARN_COMMA = YES;
				CLANG_WARN_CONSTANT_CONVERSION = YES;
				CLANG_WARN_DEPRECATED_OBJC_IMPLEMENTATIONS = YES;
				CLANG_WARN_DIRECT_OBJC_ISA_USAGE = YES_ERROR;
				CLANG_WARN_DOCUMENTATION_COMMENTS = YES;
				CLANG_WARN_EMPTY_BODY = YES;
				CLANG_WARN_ENUM_CONVERSION = YES;
				CLANG_WARN_INFINITE_RECURSION = YES;
				CLANG_WARN_INT_CONVERSION = YES;
				CLANG_WARN_NON_LITERAL_NULL_CONVERSION = YES;
				CLANG_WARN_OBJC_IMPLICIT_RETAIN_SELF = YES;
				CLANG_WARN_OBJC_LITERAL_CONVERSION = YES;
				CLANG_WARN_OBJC_ROOT_CLASS = YES_ERROR;
				CLANG_WARN_QUOTED_INCLUDE_IN_FRAMEWORK_HEADER = YES;
				CLANG_WARN_RANGE_LOOP_ANALYSIS = YES;
				CLANG_WARN_STRICT_PROTOTYPES = YES;
				CLANG_WARN_SUSPICIOUS_MOVE = YES;
				CLANG_WARN_UNGUARDED_AVAILABILITY = YES_AGGRESSIVE;
				CLANG_WARN_UNREACHABLE_CODE = YES;
				CLANG_WARN__DUPLICATE_METHOD_MATCH = YES;
				COPY_PHASE_STRIP = NO;
				DEBUG_INFORMATION_FORMAT = "dwarf-with-dsym";
				ENABLE_NS_ASSERTIONS = NO;
				ENABLE_STRICT_OBJC_MSGSEND = YES;
				GCC_C_LANGUAGE_STANDARD = gnu11;
				GCC_NO_COMMON_BLOCKS = YES;
				GCC_WARN_64_TO_32_BIT_CONVERSION = YES;
				GCC_WARN_ABOUT_RETURN_TYPE = YES_ERROR;
				GCC_WARN_UNDECLARED_SELECTOR = YES;
				GCC_WARN_UNINITIALIZED_AUTOS = YES_AGGRESSIVE;
				GCC_WARN_UNUSED_FUNCTION = YES;
				GCC_WARN_UNUSED_VARIABLE = YES;
				IPHONEOS_DEPLOYMENT_TARGET = 16.4;
				MTL_ENABLE_DEBUG_INFO = NO;
				MTL_FAST_MATH = YES;
				SDKROOT = iphoneos;
				SWIFT_COMPILATION_MODE = wholemodule;
				SWIFT_OPTIMIZATION_LEVEL = "-O";
				VALIDATE_PRODUCT = YES;
			};
			name = Release;
		};
		0448BEAA2B712B70008D15F3 /* Debug */ = {
			isa = XCBuildConfiguration;
			buildSettings = {
				ASSETCATALOG_COMPILER_APPICON_NAME = AppIcon;
				ASSETCATALOG_COMPILER_GLOBAL_ACCENT_COLOR_NAME = AccentColor;
				CODE_SIGN_STYLE = Automatic;
				CURRENT_PROJECT_VERSION = 1;
				DEVELOPMENT_ASSET_PATHS = "\"Shop/Preview Content\"";
				ENABLE_PREVIEWS = YES;
				GENERATE_INFOPLIST_FILE = YES;
				INFOPLIST_KEY_UIApplicationSceneManifest_Generation = YES;
				INFOPLIST_KEY_UIApplicationSupportsIndirectInputEvents = YES;
				INFOPLIST_KEY_UILaunchScreen_Generation = YES;
				INFOPLIST_KEY_UILaunchStoryboardName = LaunchScreen.storyboard;
				INFOPLIST_KEY_UISupportedInterfaceOrientations_iPad = "UIInterfaceOrientationPortrait UIInterfaceOrientationPortraitUpsideDown UIInterfaceOrientationLandscapeLeft UIInterfaceOrientationLandscapeRight";
				INFOPLIST_KEY_UISupportedInterfaceOrientations_iPhone = "UIInterfaceOrientationPortrait UIInterfaceOrientationLandscapeLeft UIInterfaceOrientationLandscapeRight";
				LD_RUNPATH_SEARCH_PATHS = (
					"$(inherited)",
					"@executable_path/Frameworks",
				);
				MARKETING_VERSION = 1.0;
				PRODUCT_BUNDLE_IDENTIFIER = co.maxwell.Shop;
				PRODUCT_NAME = "$(TARGET_NAME)";
				SWIFT_EMIT_LOC_STRINGS = YES;
				SWIFT_VERSION = 5.0;
				TARGETED_DEVICE_FAMILY = "1,2";
			};
			name = Debug;
		};
		0448BEAB2B712B70008D15F3 /* Release */ = {
			isa = XCBuildConfiguration;
			buildSettings = {
				ASSETCATALOG_COMPILER_APPICON_NAME = AppIcon;
				ASSETCATALOG_COMPILER_GLOBAL_ACCENT_COLOR_NAME = AccentColor;
				CODE_SIGN_STYLE = Automatic;
				CURRENT_PROJECT_VERSION = 1;
				DEVELOPMENT_ASSET_PATHS = "\"Shop/Preview Content\"";
				ENABLE_PREVIEWS = YES;
				GENERATE_INFOPLIST_FILE = YES;
				INFOPLIST_KEY_UIApplicationSceneManifest_Generation = YES;
				INFOPLIST_KEY_UIApplicationSupportsIndirectInputEvents = YES;
				INFOPLIST_KEY_UILaunchScreen_Generation = YES;
				INFOPLIST_KEY_UILaunchStoryboardName = LaunchScreen.storyboard;
				INFOPLIST_KEY_UISupportedInterfaceOrientations_iPad = "UIInterfaceOrientationPortrait UIInterfaceOrientationPortraitUpsideDown UIInterfaceOrientationLandscapeLeft UIInterfaceOrientationLandscapeRight";
				INFOPLIST_KEY_UISupportedInterfaceOrientations_iPhone = "UIInterfaceOrientationPortrait UIInterfaceOrientationLandscapeLeft UIInterfaceOrientationLandscapeRight";
				LD_RUNPATH_SEARCH_PATHS = (
					"$(inherited)",
					"@executable_path/Frameworks",
				);
				MARKETING_VERSION = 1.0;
				PRODUCT_BUNDLE_IDENTIFIER = co.maxwell.Shop;
				PRODUCT_NAME = "$(TARGET_NAME)";
				SWIFT_EMIT_LOC_STRINGS = YES;
				SWIFT_VERSION = 5.0;
				TARGETED_DEVICE_FAMILY = "1,2";
			};
			name = Release;
		};
/* End XCBuildConfiguration section */

/* Begin XCConfigurationList section */
		0448BE962B712B6E008D15F3 /* Build configuration list for PBXProject "Shop" */ = {
			isa = XCConfigurationList;
			buildConfigurations = (
				0448BEA72B712B70008D15F3 /* Debug */,
				0448BEA82B712B70008D15F3 /* Release */,
			);
			defaultConfigurationIsVisible = 0;
			defaultConfigurationName = Release;
		};
		0448BEA92B712B70008D15F3 /* Build configuration list for PBXNativeTarget "Shop" */ = {
			isa = XCConfigurationList;
			buildConfigurations = (
				0448BEAA2B712B70008D15F3 /* Debug */,
				0448BEAB2B712B70008D15F3 /* Release */,
			);
			defaultConfigurationIsVisible = 0;
			defaultConfigurationName = Release;
		};
/* End XCConfigurationList section */
	};
	rootObject = 0448BE932B712B6E008D15F3 /* Project object */;
}
